
Microsoft Visual Studio Solution File, Format Version 12.00
# Visual Studio 15
VisualStudioVersion = 15.0.28010.2036
MinimumVisualStudioVersion = 10.0.40219.1
Project("{9A19103F-16F7-4668-BE54-9A1E7A4F7556}") = "Animal Type", "Animal Type\Animal Type.csproj", "{8994B707-B56B-4499-AC51-9E0EE74234A6}"
EndProject
Project("{9A19103F-16F7-4668-BE54-9A1E7A4F7556}") = "Cinema", "Cinema\Cinema.csproj", "{CC15117D-6237-4D4E-A444-AC439E013FB8}"
EndProject
Project("{9A19103F-16F7-4668-BE54-9A1E7A4F7556}") = "Day of Week", "Day of Week\Day of Week.csproj", "{012D16B8-A357-4692-9D54-6F2C0BDEB07D}"
EndProject
Project("{9A19103F-16F7-4668-BE54-9A1E7A4F7556}") = "Firm", "Firm\Firm.csproj", "{A20D90C4-652D-408D-AB04-F6808F58AA7F}"
EndProject
Project("{9A19103F-16F7-4668-BE54-9A1E7A4F7556}") = "Fishing Boat", "Fishing Boat\Fishing Boat.csproj", "{49543B8E-03DA-4190-8ACD-AECAF755D610}"
EndProject
Project("{9A19103F-16F7-4668-BE54-9A1E7A4F7556}") = "Fruit or Vegetable", "Fruit or Vegetable\Fruit or Vegetable.csproj", "{948427B9-27C3-4D5E-A497-60998E612C47}"
EndProject
Project("{9A19103F-16F7-4668-BE54-9A1E7A4F7556}") = "Fruit Shop", "Fruit Shop\Fruit Shop.csproj", "{B5A8202F-5F8B-419B-A316-F071D8BEE398}"
EndProject
Project("{9A19103F-16F7-4668-BE54-9A1E7A4F7556}") = "Harvest", "Harvest\Harvest.csproj", "{849CD689-7DD9-4B74-BB99-14821B8090FA}"
EndProject
Project("{9A19103F-16F7-4668-BE54-9A1E7A4F7556}") = "Hotel Room", "Hotel Room\Hotel Room.csproj", "{DCBA3B02-FC1C-4357-87A5-246C9CAF18FC}"
EndProject
Project("{9A19103F-16F7-4668-BE54-9A1E7A4F7556}") = "Invalid Number", "Invalid Number\Invalid Number.csproj", "{D9C78956-A8A3-4CBD-BBFF-00F4AE731C12}"
EndProject
Project("{9A19103F-16F7-4668-BE54-9A1E7A4F7556}") = "Journey", "Journey\Journey.csproj", "{8BA890E7-7F03-4F13-90C6-2FDFFF911C25}"
EndProject
Project("{9A19103F-16F7-4668-BE54-9A1E7A4F7556}") = "Match Tikets", "Match Tikets\Match Tikets.csproj", "{BFF1068A-524C-4361-AC15-2DC598A06BCD}"
EndProject
Project("{9A19103F-16F7-4668-BE54-9A1E7A4F7556}") = "New House", "New House\New House.csproj", "{EC0B52C9-524C-4B90-9804-BE952A4376AE}"
EndProject
Project("{9A19103F-16F7-4668-BE54-9A1E7A4F7556}") = "On Time for the Exam", "On Time for the Exam\On Time for the Exam.csproj", "{3062E402-86AB-4301-BE2C-861B1C75BF15}"
EndProject
Project("{9A19103F-16F7-4668-BE54-9A1E7A4F7556}") = "Operations Between Numbers", "Operations Between Numbers\Operations Between Numbers.csproj", "{4E5EE86A-909D-4913-B8CC-68CF177CC65C}"
EndProject
Project("{9A19103F-16F7-4668-BE54-9A1E7A4F7556}") = "Point in Rectangle", "Point in Rectangle\Point in Rectangle.csproj", "{A78943AB-7EC5-45B0-BAA3-3D666A8FCDA7}"
EndProject
Project("{9A19103F-16F7-4668-BE54-9A1E7A4F7556}") = "Point in the Figure", "Point in the Figure\Point in the Figure.csproj", "{B6C08F80-5E24-44EF-926B-8217F455A401}"
EndProject
Project("{9A19103F-16F7-4668-BE54-9A1E7A4F7556}") = "Point on Rectangle Border", "Point on Rectangle Border\Point on Rectangle Border.csproj", "{12D25615-D712-407B-AFAC-A47B5048601F}"
EndProject
Project("{9A19103F-16F7-4668-BE54-9A1E7A4F7556}") = "Personal Titles", "Put in Simple Conditions\Personal Titles.csproj", "{94E1589A-5009-4A75-8ACD-105F9CB0E55D}"
EndProject
Project("{9A19103F-16F7-4668-BE54-9A1E7A4F7556}") = "Sleepy Tom Cat", "Sleepy Tom Cat\Sleepy Tom Cat.csproj", "{86DE9C11-5555-4DFD-8F3D-805AB2895855}"
EndProject
Project("{9A19103F-16F7-4668-BE54-9A1E7A4F7556}") = "Small Shop", "Small Shop\Small Shop.csproj", "{E5C50956-E7A8-453D-9612-82C4FB79CF12}"
EndProject
Project("{9A19103F-16F7-4668-BE54-9A1E7A4F7556}") = "Summer Outfit", "Summer Outfit\Summer Outfit.csproj", "{0ADBFEA8-A6A9-4E5C-BBF7-C932A4798E89}"
EndProject
Project("{9A19103F-16F7-4668-BE54-9A1E7A4F7556}") = "Trade Comissions", "Trade Comissions\Trade Comissions.csproj", "{FC5108D4-3F5D-4374-B2B9-371E9ABDD18C}"
EndProject
Project("{9A19103F-16F7-4668-BE54-9A1E7A4F7556}") = "Volleyball", "Volleyball\Volleyball.csproj", "{046A5736-42AD-45FC-A241-A4F1A4E92CF7}"
EndProject
Global
	GlobalSection(SolutionConfigurationPlatforms) = preSolution
		Debug|Any CPU = Debug|Any CPU
		Debug|ARM = Debug|ARM
		Debug|x64 = Debug|x64
		Debug|x86 = Debug|x86
		Release|Any CPU = Release|Any CPU
		Release|ARM = Release|ARM
		Release|x64 = Release|x64
		Release|x86 = Release|x86
	EndGlobalSection
	GlobalSection(ProjectConfigurationPlatforms) = postSolution
		{8994B707-B56B-4499-AC51-9E0EE74234A6}.Debug|Any CPU.ActiveCfg = Debug|Any CPU
		{8994B707-B56B-4499-AC51-9E0EE74234A6}.Debug|Any CPU.Build.0 = Debug|Any CPU
		{8994B707-B56B-4499-AC51-9E0EE74234A6}.Debug|ARM.ActiveCfg = Debug|Any CPU
		{8994B707-B56B-4499-AC51-9E0EE74234A6}.Debug|ARM.Build.0 = Debug|Any CPU
		{8994B707-B56B-4499-AC51-9E0EE74234A6}.Debug|x64.ActiveCfg = Debug|Any CPU
		{8994B707-B56B-4499-AC51-9E0EE74234A6}.Debug|x64.Build.0 = Debug|Any CPU
		{8994B707-B56B-4499-AC51-9E0EE74234A6}.Debug|x86.ActiveCfg = Debug|Any CPU
		{8994B707-B56B-4499-AC51-9E0EE74234A6}.Debug|x86.Build.0 = Debug|Any CPU
		{8994B707-B56B-4499-AC51-9E0EE74234A6}.Release|Any CPU.ActiveCfg = Release|Any CPU
		{8994B707-B56B-4499-AC51-9E0EE74234A6}.Release|Any CPU.Build.0 = Release|Any CPU
		{8994B707-B56B-4499-AC51-9E0EE74234A6}.Release|ARM.ActiveCfg = Release|Any CPU
		{8994B707-B56B-4499-AC51-9E0EE74234A6}.Release|ARM.Build.0 = Release|Any CPU
		{8994B707-B56B-4499-AC51-9E0EE74234A6}.Release|x64.ActiveCfg = Release|Any CPU
		{8994B707-B56B-4499-AC51-9E0EE74234A6}.Release|x64.Build.0 = Release|Any CPU
		{8994B707-B56B-4499-AC51-9E0EE74234A6}.Release|x86.ActiveCfg = Release|Any CPU
		{8994B707-B56B-4499-AC51-9E0EE74234A6}.Release|x86.Build.0 = Release|Any CPU
		{CC15117D-6237-4D4E-A444-AC439E013FB8}.Debug|Any CPU.ActiveCfg = Debug|Any CPU
		{CC15117D-6237-4D4E-A444-AC439E013FB8}.Debug|Any CPU.Build.0 = Debug|Any CPU
		{CC15117D-6237-4D4E-A444-AC439E013FB8}.Debug|ARM.ActiveCfg = Debug|Any CPU
		{CC15117D-6237-4D4E-A444-AC439E013FB8}.Debug|ARM.Build.0 = Debug|Any CPU
		{CC15117D-6237-4D4E-A444-AC439E013FB8}.Debug|x64.ActiveCfg = Debug|Any CPU
		{CC15117D-6237-4D4E-A444-AC439E013FB8}.Debug|x64.Build.0 = Debug|Any CPU
		{CC15117D-6237-4D4E-A444-AC439E013FB8}.Debug|x86.ActiveCfg = Debug|Any CPU
		{CC15117D-6237-4D4E-A444-AC439E013FB8}.Debug|x86.Build.0 = Debug|Any CPU
		{CC15117D-6237-4D4E-A444-AC439E013FB8}.Release|Any CPU.ActiveCfg = Release|Any CPU
		{CC15117D-6237-4D4E-A444-AC439E013FB8}.Release|Any CPU.Build.0 = Release|Any CPU
		{CC15117D-6237-4D4E-A444-AC439E013FB8}.Release|ARM.ActiveCfg = Release|Any CPU
		{CC15117D-6237-4D4E-A444-AC439E013FB8}.Release|ARM.Build.0 = Release|Any CPU
		{CC15117D-6237-4D4E-A444-AC439E013FB8}.Release|x64.ActiveCfg = Release|Any CPU
		{CC15117D-6237-4D4E-A444-AC439E013FB8}.Release|x64.Build.0 = Release|Any CPU
		{CC15117D-6237-4D4E-A444-AC439E013FB8}.Release|x86.ActiveCfg = Release|Any CPU
		{CC15117D-6237-4D4E-A444-AC439E013FB8}.Release|x86.Build.0 = Release|Any CPU
		{012D16B8-A357-4692-9D54-6F2C0BDEB07D}.Debug|Any CPU.ActiveCfg = Debug|Any CPU
		{012D16B8-A357-4692-9D54-6F2C0BDEB07D}.Debug|Any CPU.Build.0 = Debug|Any CPU
		{012D16B8-A357-4692-9D54-6F2C0BDEB07D}.Debug|ARM.ActiveCfg = Debug|Any CPU
		{012D16B8-A357-4692-9D54-6F2C0BDEB07D}.Debug|ARM.Build.0 = Debug|Any CPU
		{012D16B8-A357-4692-9D54-6F2C0BDEB07D}.Debug|x64.ActiveCfg = Debug|Any CPU
		{012D16B8-A357-4692-9D54-6F2C0BDEB07D}.Debug|x64.Build.0 = Debug|Any CPU
		{012D16B8-A357-4692-9D54-6F2C0BDEB07D}.Debug|x86.ActiveCfg = Debug|Any CPU
		{012D16B8-A357-4692-9D54-6F2C0BDEB07D}.Debug|x86.Build.0 = Debug|Any CPU
		{012D16B8-A357-4692-9D54-6F2C0BDEB07D}.Release|Any CPU.ActiveCfg = Release|Any CPU
		{012D16B8-A357-4692-9D54-6F2C0BDEB07D}.Release|Any CPU.Build.0 = Release|Any CPU
		{012D16B8-A357-4692-9D54-6F2C0BDEB07D}.Release|ARM.ActiveCfg = Release|Any CPU
		{012D16B8-A357-4692-9D54-6F2C0BDEB07D}.Release|ARM.Build.0 = Release|Any CPU
		{012D16B8-A357-4692-9D54-6F2C0BDEB07D}.Release|x64.ActiveCfg = Release|Any CPU
		{012D16B8-A357-4692-9D54-6F2C0BDEB07D}.Release|x64.Build.0 = Release|Any CPU
		{012D16B8-A357-4692-9D54-6F2C0BDEB07D}.Release|x86.ActiveCfg = Release|Any CPU
		{012D16B8-A357-4692-9D54-6F2C0BDEB07D}.Release|x86.Build.0 = Release|Any CPU
		{A20D90C4-652D-408D-AB04-F6808F58AA7F}.Debug|Any CPU.ActiveCfg = Debug|Any CPU
		{A20D90C4-652D-408D-AB04-F6808F58AA7F}.Debug|Any CPU.Build.0 = Debug|Any CPU
		{A20D90C4-652D-408D-AB04-F6808F58AA7F}.Debug|ARM.ActiveCfg = Debug|Any CPU
		{A20D90C4-652D-408D-AB04-F6808F58AA7F}.Debug|ARM.Build.0 = Debug|Any CPU
		{A20D90C4-652D-408D-AB04-F6808F58AA7F}.Debug|x64.ActiveCfg = Debug|Any CPU
		{A20D90C4-652D-408D-AB04-F6808F58AA7F}.Debug|x64.Build.0 = Debug|Any CPU
		{A20D90C4-652D-408D-AB04-F6808F58AA7F}.Debug|x86.ActiveCfg = Debug|Any CPU
		{A20D90C4-652D-408D-AB04-F6808F58AA7F}.Debug|x86.Build.0 = Debug|Any CPU
		{A20D90C4-652D-408D-AB04-F6808F58AA7F}.Release|Any CPU.ActiveCfg = Release|Any CPU
		{A20D90C4-652D-408D-AB04-F6808F58AA7F}.Release|Any CPU.Build.0 = Release|Any CPU
		{A20D90C4-652D-408D-AB04-F6808F58AA7F}.Release|ARM.ActiveCfg = Release|Any CPU
		{A20D90C4-652D-408D-AB04-F6808F58AA7F}.Release|ARM.Build.0 = Release|Any CPU
		{A20D90C4-652D-408D-AB04-F6808F58AA7F}.Release|x64.ActiveCfg = Release|Any CPU
		{A20D90C4-652D-408D-AB04-F6808F58AA7F}.Release|x64.Build.0 = Release|Any CPU
		{A20D90C4-652D-408D-AB04-F6808F58AA7F}.Release|x86.ActiveCfg = Release|Any CPU
		{A20D90C4-652D-408D-AB04-F6808F58AA7F}.Release|x86.Build.0 = Release|Any CPU
		{49543B8E-03DA-4190-8ACD-AECAF755D610}.Debug|Any CPU.ActiveCfg = Debug|Any CPU
		{49543B8E-03DA-4190-8ACD-AECAF755D610}.Debug|Any CPU.Build.0 = Debug|Any CPU
		{49543B8E-03DA-4190-8ACD-AECAF755D610}.Debug|ARM.ActiveCfg = Debug|Any CPU
		{49543B8E-03DA-4190-8ACD-AECAF755D610}.Debug|ARM.Build.0 = Debug|Any CPU
		{49543B8E-03DA-4190-8ACD-AECAF755D610}.Debug|x64.ActiveCfg = Debug|Any CPU
		{49543B8E-03DA-4190-8ACD-AECAF755D610}.Debug|x64.Build.0 = Debug|Any CPU
		{49543B8E-03DA-4190-8ACD-AECAF755D610}.Debug|x86.ActiveCfg = Debug|Any CPU
		{49543B8E-03DA-4190-8ACD-AECAF755D610}.Debug|x86.Build.0 = Debug|Any CPU
		{49543B8E-03DA-4190-8ACD-AECAF755D610}.Release|Any CPU.ActiveCfg = Release|Any CPU
		{49543B8E-03DA-4190-8ACD-AECAF755D610}.Release|Any CPU.Build.0 = Release|Any CPU
		{49543B8E-03DA-4190-8ACD-AECAF755D610}.Release|ARM.ActiveCfg = Release|Any CPU
		{49543B8E-03DA-4190-8ACD-AECAF755D610}.Release|ARM.Build.0 = Release|Any CPU
		{49543B8E-03DA-4190-8ACD-AECAF755D610}.Release|x64.ActiveCfg = Release|Any CPU
		{49543B8E-03DA-4190-8ACD-AECAF755D610}.Release|x64.Build.0 = Release|Any CPU
		{49543B8E-03DA-4190-8ACD-AECAF755D610}.Release|x86.ActiveCfg = Release|Any CPU
		{49543B8E-03DA-4190-8ACD-AECAF755D610}.Release|x86.Build.0 = Release|Any CPU
		{948427B9-27C3-4D5E-A497-60998E612C47}.Debug|Any CPU.ActiveCfg = Debug|Any CPU
		{948427B9-27C3-4D5E-A497-60998E612C47}.Debug|Any CPU.Build.0 = Debug|Any CPU
		{948427B9-27C3-4D5E-A497-60998E612C47}.Debug|ARM.ActiveCfg = Debug|Any CPU
		{948427B9-27C3-4D5E-A497-60998E612C47}.Debug|ARM.Build.0 = Debug|Any CPU
		{948427B9-27C3-4D5E-A497-60998E612C47}.Debug|x64.ActiveCfg = Debug|Any CPU
		{948427B9-27C3-4D5E-A497-60998E612C47}.Debug|x64.Build.0 = Debug|Any CPU
		{948427B9-27C3-4D5E-A497-60998E612C47}.Debug|x86.ActiveCfg = Debug|Any CPU
		{948427B9-27C3-4D5E-A497-60998E612C47}.Debug|x86.Build.0 = Debug|Any CPU
		{948427B9-27C3-4D5E-A497-60998E612C47}.Release|Any CPU.ActiveCfg = Release|Any CPU
		{948427B9-27C3-4D5E-A497-60998E612C47}.Release|Any CPU.Build.0 = Release|Any CPU
		{948427B9-27C3-4D5E-A497-60998E612C47}.Release|ARM.ActiveCfg = Release|Any CPU
		{948427B9-27C3-4D5E-A497-60998E612C47}.Release|ARM.Build.0 = Release|Any CPU
		{948427B9-27C3-4D5E-A497-60998E612C47}.Release|x64.ActiveCfg = Release|Any CPU
		{948427B9-27C3-4D5E-A497-60998E612C47}.Release|x64.Build.0 = Release|Any CPU
		{948427B9-27C3-4D5E-A497-60998E612C47}.Release|x86.ActiveCfg = Release|Any CPU
		{948427B9-27C3-4D5E-A497-60998E612C47}.Release|x86.Build.0 = Release|Any CPU
		{B5A8202F-5F8B-419B-A316-F071D8BEE398}.Debug|Any CPU.ActiveCfg = Debug|Any CPU
		{B5A8202F-5F8B-419B-A316-F071D8BEE398}.Debug|Any CPU.Build.0 = Debug|Any CPU
		{B5A8202F-5F8B-419B-A316-F071D8BEE398}.Debug|ARM.ActiveCfg = Debug|Any CPU
		{B5A8202F-5F8B-419B-A316-F071D8BEE398}.Debug|ARM.Build.0 = Debug|Any CPU
		{B5A8202F-5F8B-419B-A316-F071D8BEE398}.Debug|x64.ActiveCfg = Debug|Any CPU
		{B5A8202F-5F8B-419B-A316-F071D8BEE398}.Debug|x64.Build.0 = Debug|Any CPU
		{B5A8202F-5F8B-419B-A316-F071D8BEE398}.Debug|x86.ActiveCfg = Debug|Any CPU
		{B5A8202F-5F8B-419B-A316-F071D8BEE398}.Debug|x86.Build.0 = Debug|Any CPU
		{B5A8202F-5F8B-419B-A316-F071D8BEE398}.Release|Any CPU.ActiveCfg = Release|Any CPU
		{B5A8202F-5F8B-419B-A316-F071D8BEE398}.Release|Any CPU.Build.0 = Release|Any CPU
		{B5A8202F-5F8B-419B-A316-F071D8BEE398}.Release|ARM.ActiveCfg = Release|Any CPU
		{B5A8202F-5F8B-419B-A316-F071D8BEE398}.Release|ARM.Build.0 = Release|Any CPU
		{B5A8202F-5F8B-419B-A316-F071D8BEE398}.Release|x64.ActiveCfg = Release|Any CPU
		{B5A8202F-5F8B-419B-A316-F071D8BEE398}.Release|x64.Build.0 = Release|Any CPU
		{B5A8202F-5F8B-419B-A316-F071D8BEE398}.Release|x86.ActiveCfg = Release|Any CPU
		{B5A8202F-5F8B-419B-A316-F071D8BEE398}.Release|x86.Build.0 = Release|Any CPU
		{849CD689-7DD9-4B74-BB99-14821B8090FA}.Debug|Any CPU.ActiveCfg = Debug|Any CPU
		{849CD689-7DD9-4B74-BB99-14821B8090FA}.Debug|Any CPU.Build.0 = Debug|Any CPU
		{849CD689-7DD9-4B74-BB99-14821B8090FA}.Debug|ARM.ActiveCfg = Debug|Any CPU
		{849CD689-7DD9-4B74-BB99-14821B8090FA}.Debug|ARM.Build.0 = Debug|Any CPU
		{849CD689-7DD9-4B74-BB99-14821B8090FA}.Debug|x64.ActiveCfg = Debug|Any CPU
		{849CD689-7DD9-4B74-BB99-14821B8090FA}.Debug|x64.Build.0 = Debug|Any CPU
		{849CD689-7DD9-4B74-BB99-14821B8090FA}.Debug|x86.ActiveCfg = Debug|Any CPU
		{849CD689-7DD9-4B74-BB99-14821B8090FA}.Debug|x86.Build.0 = Debug|Any CPU
		{849CD689-7DD9-4B74-BB99-14821B8090FA}.Release|Any CPU.ActiveCfg = Release|Any CPU
		{849CD689-7DD9-4B74-BB99-14821B8090FA}.Release|Any CPU.Build.0 = Release|Any CPU
		{849CD689-7DD9-4B74-BB99-14821B8090FA}.Release|ARM.ActiveCfg = Release|Any CPU
		{849CD689-7DD9-4B74-BB99-14821B8090FA}.Release|ARM.Build.0 = Release|Any CPU
		{849CD689-7DD9-4B74-BB99-14821B8090FA}.Release|x64.ActiveCfg = Release|Any CPU
		{849CD689-7DD9-4B74-BB99-14821B8090FA}.Release|x64.Build.0 = Release|Any CPU
		{849CD689-7DD9-4B74-BB99-14821B8090FA}.Release|x86.ActiveCfg = Release|Any CPU
		{849CD689-7DD9-4B74-BB99-14821B8090FA}.Release|x86.Build.0 = Release|Any CPU
		{DCBA3B02-FC1C-4357-87A5-246C9CAF18FC}.Debug|Any CPU.ActiveCfg = Debug|Any CPU
		{DCBA3B02-FC1C-4357-87A5-246C9CAF18FC}.Debug|Any CPU.Build.0 = Debug|Any CPU
		{DCBA3B02-FC1C-4357-87A5-246C9CAF18FC}.Debug|ARM.ActiveCfg = Debug|Any CPU
		{DCBA3B02-FC1C-4357-87A5-246C9CAF18FC}.Debug|ARM.Build.0 = Debug|Any CPU
		{DCBA3B02-FC1C-4357-87A5-246C9CAF18FC}.Debug|x64.ActiveCfg = Debug|Any CPU
		{DCBA3B02-FC1C-4357-87A5-246C9CAF18FC}.Debug|x64.Build.0 = Debug|Any CPU
		{DCBA3B02-FC1C-4357-87A5-246C9CAF18FC}.Debug|x86.ActiveCfg = Debug|Any CPU
		{DCBA3B02-FC1C-4357-87A5-246C9CAF18FC}.Debug|x86.Build.0 = Debug|Any CPU
		{DCBA3B02-FC1C-4357-87A5-246C9CAF18FC}.Release|Any CPU.ActiveCfg = Release|Any CPU
		{DCBA3B02-FC1C-4357-87A5-246C9CAF18FC}.Release|Any CPU.Build.0 = Release|Any CPU
		{DCBA3B02-FC1C-4357-87A5-246C9CAF18FC}.Release|ARM.ActiveCfg = Release|Any CPU
		{DCBA3B02-FC1C-4357-87A5-246C9CAF18FC}.Release|ARM.Build.0 = Release|Any CPU
		{DCBA3B02-FC1C-4357-87A5-246C9CAF18FC}.Release|x64.ActiveCfg = Release|Any CPU
		{DCBA3B02-FC1C-4357-87A5-246C9CAF18FC}.Release|x64.Build.0 = Release|Any CPU
		{DCBA3B02-FC1C-4357-87A5-246C9CAF18FC}.Release|x86.ActiveCfg = Release|Any CPU
		{DCBA3B02-FC1C-4357-87A5-246C9CAF18FC}.Release|x86.Build.0 = Release|Any CPU
		{D9C78956-A8A3-4CBD-BBFF-00F4AE731C12}.Debug|Any CPU.ActiveCfg = Debug|Any CPU
		{D9C78956-A8A3-4CBD-BBFF-00F4AE731C12}.Debug|Any CPU.Build.0 = Debug|Any CPU
		{D9C78956-A8A3-4CBD-BBFF-00F4AE731C12}.Debug|ARM.ActiveCfg = Debug|Any CPU
		{D9C78956-A8A3-4CBD-BBFF-00F4AE731C12}.Debug|ARM.Build.0 = Debug|Any CPU
		{D9C78956-A8A3-4CBD-BBFF-00F4AE731C12}.Debug|x64.ActiveCfg = Debug|Any CPU
		{D9C78956-A8A3-4CBD-BBFF-00F4AE731C12}.Debug|x64.Build.0 = Debug|Any CPU
		{D9C78956-A8A3-4CBD-BBFF-00F4AE731C12}.Debug|x86.ActiveCfg = Debug|Any CPU
		{D9C78956-A8A3-4CBD-BBFF-00F4AE731C12}.Debug|x86.Build.0 = Debug|Any CPU
		{D9C78956-A8A3-4CBD-BBFF-00F4AE731C12}.Release|Any CPU.ActiveCfg = Release|Any CPU
		{D9C78956-A8A3-4CBD-BBFF-00F4AE731C12}.Release|Any CPU.Build.0 = Release|Any CPU
		{D9C78956-A8A3-4CBD-BBFF-00F4AE731C12}.Release|ARM.ActiveCfg = Release|Any CPU
		{D9C78956-A8A3-4CBD-BBFF-00F4AE731C12}.Release|ARM.Build.0 = Release|Any CPU
		{D9C78956-A8A3-4CBD-BBFF-00F4AE731C12}.Release|x64.ActiveCfg = Release|Any CPU
		{D9C78956-A8A3-4CBD-BBFF-00F4AE731C12}.Release|x64.Build.0 = Release|Any CPU
		{D9C78956-A8A3-4CBD-BBFF-00F4AE731C12}.Release|x86.ActiveCfg = Release|Any CPU
		{D9C78956-A8A3-4CBD-BBFF-00F4AE731C12}.Release|x86.Build.0 = Release|Any CPU
		{8BA890E7-7F03-4F13-90C6-2FDFFF911C25}.Debug|Any CPU.ActiveCfg = Debug|Any CPU
		{8BA890E7-7F03-4F13-90C6-2FDFFF911C25}.Debug|Any CPU.Build.0 = Debug|Any CPU
		{8BA890E7-7F03-4F13-90C6-2FDFFF911C25}.Debug|ARM.ActiveCfg = Debug|Any CPU
		{8BA890E7-7F03-4F13-90C6-2FDFFF911C25}.Debug|ARM.Build.0 = Debug|Any CPU
		{8BA890E7-7F03-4F13-90C6-2FDFFF911C25}.Debug|x64.ActiveCfg = Debug|Any CPU
		{8BA890E7-7F03-4F13-90C6-2FDFFF911C25}.Debug|x64.Build.0 = Debug|Any CPU
		{8BA890E7-7F03-4F13-90C6-2FDFFF911C25}.Debug|x86.ActiveCfg = Debug|Any CPU
		{8BA890E7-7F03-4F13-90C6-2FDFFF911C25}.Debug|x86.Build.0 = Debug|Any CPU
		{8BA890E7-7F03-4F13-90C6-2FDFFF911C25}.Release|Any CPU.ActiveCfg = Release|Any CPU
		{8BA890E7-7F03-4F13-90C6-2FDFFF911C25}.Release|Any CPU.Build.0 = Release|Any CPU
		{8BA890E7-7F03-4F13-90C6-2FDFFF911C25}.Release|ARM.ActiveCfg = Release|Any CPU
		{8BA890E7-7F03-4F13-90C6-2FDFFF911C25}.Release|ARM.Build.0 = Release|Any CPU
		{8BA890E7-7F03-4F13-90C6-2FDFFF911C25}.Release|x64.ActiveCfg = Release|Any CPU
		{8BA890E7-7F03-4F13-90C6-2FDFFF911C25}.Release|x64.Build.0 = Release|Any CPU
		{8BA890E7-7F03-4F13-90C6-2FDFFF911C25}.Release|x86.ActiveCfg = Release|Any CPU
		{8BA890E7-7F03-4F13-90C6-2FDFFF911C25}.Release|x86.Build.0 = Release|Any CPU
		{BFF1068A-524C-4361-AC15-2DC598A06BCD}.Debug|Any CPU.ActiveCfg = Debug|Any CPU
		{BFF1068A-524C-4361-AC15-2DC598A06BCD}.Debug|Any CPU.Build.0 = Debug|Any CPU
		{BFF1068A-524C-4361-AC15-2DC598A06BCD}.Debug|ARM.ActiveCfg = Debug|Any CPU
		{BFF1068A-524C-4361-AC15-2DC598A06BCD}.Debug|ARM.Build.0 = Debug|Any CPU
		{BFF1068A-524C-4361-AC15-2DC598A06BCD}.Debug|x64.ActiveCfg = Debug|Any CPU
		{BFF1068A-524C-4361-AC15-2DC598A06BCD}.Debug|x64.Build.0 = Debug|Any CPU
		{BFF1068A-524C-4361-AC15-2DC598A06BCD}.Debug|x86.ActiveCfg = Debug|Any CPU
		{BFF1068A-524C-4361-AC15-2DC598A06BCD}.Debug|x86.Build.0 = Debug|Any CPU
		{BFF1068A-524C-4361-AC15-2DC598A06BCD}.Release|Any CPU.ActiveCfg = Release|Any CPU
		{BFF1068A-524C-4361-AC15-2DC598A06BCD}.Release|Any CPU.Build.0 = Release|Any CPU
		{BFF1068A-524C-4361-AC15-2DC598A06BCD}.Release|ARM.ActiveCfg = Release|Any CPU
		{BFF1068A-524C-4361-AC15-2DC598A06BCD}.Release|ARM.Build.0 = Release|Any CPU
		{BFF1068A-524C-4361-AC15-2DC598A06BCD}.Release|x64.ActiveCfg = Release|Any CPU
		{BFF1068A-524C-4361-AC15-2DC598A06BCD}.Release|x64.Build.0 = Release|Any CPU
		{BFF1068A-524C-4361-AC15-2DC598A06BCD}.Release|x86.ActiveCfg = Release|Any CPU
		{BFF1068A-524C-4361-AC15-2DC598A06BCD}.Release|x86.Build.0 = Release|Any CPU
		{EC0B52C9-524C-4B90-9804-BE952A4376AE}.Debug|Any CPU.ActiveCfg = Debug|Any CPU
		{EC0B52C9-524C-4B90-9804-BE952A4376AE}.Debug|Any CPU.Build.0 = Debug|Any CPU
		{EC0B52C9-524C-4B90-9804-BE952A4376AE}.Debug|ARM.ActiveCfg = Debug|Any CPU
		{EC0B52C9-524C-4B90-9804-BE952A4376AE}.Debug|ARM.Build.0 = Debug|Any CPU
		{EC0B52C9-524C-4B90-9804-BE952A4376AE}.Debug|x64.ActiveCfg = Debug|Any CPU
		{EC0B52C9-524C-4B90-9804-BE952A4376AE}.Debug|x64.Build.0 = Debug|Any CPU
		{EC0B52C9-524C-4B90-9804-BE952A4376AE}.Debug|x86.ActiveCfg = Debug|Any CPU
		{EC0B52C9-524C-4B90-9804-BE952A4376AE}.Debug|x86.Build.0 = Debug|Any CPU
		{EC0B52C9-524C-4B90-9804-BE952A4376AE}.Release|Any CPU.ActiveCfg = Release|Any CPU
		{EC0B52C9-524C-4B90-9804-BE952A4376AE}.Release|Any CPU.Build.0 = Release|Any CPU
		{EC0B52C9-524C-4B90-9804-BE952A4376AE}.Release|ARM.ActiveCfg = Release|Any CPU
		{EC0B52C9-524C-4B90-9804-BE952A4376AE}.Release|ARM.Build.0 = Release|Any CPU
		{EC0B52C9-524C-4B90-9804-BE952A4376AE}.Release|x64.ActiveCfg = Release|Any CPU
		{EC0B52C9-524C-4B90-9804-BE952A4376AE}.Release|x64.Build.0 = Release|Any CPU
		{EC0B52C9-524C-4B90-9804-BE952A4376AE}.Release|x86.ActiveCfg = Release|Any CPU
		{EC0B52C9-524C-4B90-9804-BE952A4376AE}.Release|x86.Build.0 = Release|Any CPU
		{3062E402-86AB-4301-BE2C-861B1C75BF15}.Debug|Any CPU.ActiveCfg = Debug|Any CPU
		{3062E402-86AB-4301-BE2C-861B1C75BF15}.Debug|Any CPU.Build.0 = Debug|Any CPU
		{3062E402-86AB-4301-BE2C-861B1C75BF15}.Debug|ARM.ActiveCfg = Debug|Any CPU
		{3062E402-86AB-4301-BE2C-861B1C75BF15}.Debug|ARM.Build.0 = Debug|Any CPU
		{3062E402-86AB-4301-BE2C-861B1C75BF15}.Debug|x64.ActiveCfg = Debug|Any CPU
		{3062E402-86AB-4301-BE2C-861B1C75BF15}.Debug|x64.Build.0 = Debug|Any CPU
		{3062E402-86AB-4301-BE2C-861B1C75BF15}.Debug|x86.ActiveCfg = Debug|Any CPU
		{3062E402-86AB-4301-BE2C-861B1C75BF15}.Debug|x86.Build.0 = Debug|Any CPU
		{3062E402-86AB-4301-BE2C-861B1C75BF15}.Release|Any CPU.ActiveCfg = Release|Any CPU
		{3062E402-86AB-4301-BE2C-861B1C75BF15}.Release|Any CPU.Build.0 = Release|Any CPU
		{3062E402-86AB-4301-BE2C-861B1C75BF15}.Release|ARM.ActiveCfg = Release|Any CPU
		{3062E402-86AB-4301-BE2C-861B1C75BF15}.Release|ARM.Build.0 = Release|Any CPU
		{3062E402-86AB-4301-BE2C-861B1C75BF15}.Release|x64.ActiveCfg = Release|Any CPU
		{3062E402-86AB-4301-BE2C-861B1C75BF15}.Release|x64.Build.0 = Release|Any CPU
		{3062E402-86AB-4301-BE2C-861B1C75BF15}.Release|x86.ActiveCfg = Release|Any CPU
		{3062E402-86AB-4301-BE2C-861B1C75BF15}.Release|x86.Build.0 = Release|Any CPU
		{4E5EE86A-909D-4913-B8CC-68CF177CC65C}.Debug|Any CPU.ActiveCfg = Debug|Any CPU
		{4E5EE86A-909D-4913-B8CC-68CF177CC65C}.Debug|Any CPU.Build.0 = Debug|Any CPU
		{4E5EE86A-909D-4913-B8CC-68CF177CC65C}.Debug|ARM.ActiveCfg = Debug|Any CPU
		{4E5EE86A-909D-4913-B8CC-68CF177CC65C}.Debug|ARM.Build.0 = Debug|Any CPU
		{4E5EE86A-909D-4913-B8CC-68CF177CC65C}.Debug|x64.ActiveCfg = Debug|Any CPU
		{4E5EE86A-909D-4913-B8CC-68CF177CC65C}.Debug|x64.Build.0 = Debug|Any CPU
		{4E5EE86A-909D-4913-B8CC-68CF177CC65C}.Debug|x86.ActiveCfg = Debug|Any CPU
		{4E5EE86A-909D-4913-B8CC-68CF177CC65C}.Debug|x86.Build.0 = Debug|Any CPU
		{4E5EE86A-909D-4913-B8CC-68CF177CC65C}.Release|Any CPU.ActiveCfg = Release|Any CPU
		{4E5EE86A-909D-4913-B8CC-68CF177CC65C}.Release|Any CPU.Build.0 = Release|Any CPU
		{4E5EE86A-909D-4913-B8CC-68CF177CC65C}.Release|ARM.ActiveCfg = Release|Any CPU
		{4E5EE86A-909D-4913-B8CC-68CF177CC65C}.Release|ARM.Build.0 = Release|Any CPU
		{4E5EE86A-909D-4913-B8CC-68CF177CC65C}.Release|x64.ActiveCfg = Release|Any CPU
		{4E5EE86A-909D-4913-B8CC-68CF177CC65C}.Release|x64.Build.0 = Release|Any CPU
		{4E5EE86A-909D-4913-B8CC-68CF177CC65C}.Release|x86.ActiveCfg = Release|Any CPU
		{4E5EE86A-909D-4913-B8CC-68CF177CC65C}.Release|x86.Build.0 = Release|Any CPU
		{A78943AB-7EC5-45B0-BAA3-3D666A8FCDA7}.Debug|Any CPU.ActiveCfg = Debug|Any CPU
		{A78943AB-7EC5-45B0-BAA3-3D666A8FCDA7}.Debug|Any CPU.Build.0 = Debug|Any CPU
		{A78943AB-7EC5-45B0-BAA3-3D666A8FCDA7}.Debug|ARM.ActiveCfg = Debug|Any CPU
		{A78943AB-7EC5-45B0-BAA3-3D666A8FCDA7}.Debug|ARM.Build.0 = Debug|Any CPU
		{A78943AB-7EC5-45B0-BAA3-3D666A8FCDA7}.Debug|x64.ActiveCfg = Debug|Any CPU
		{A78943AB-7EC5-45B0-BAA3-3D666A8FCDA7}.Debug|x64.Build.0 = Debug|Any CPU
		{A78943AB-7EC5-45B0-BAA3-3D666A8FCDA7}.Debug|x86.ActiveCfg = Debug|Any CPU
		{A78943AB-7EC5-45B0-BAA3-3D666A8FCDA7}.Debug|x86.Build.0 = Debug|Any CPU
		{A78943AB-7EC5-45B0-BAA3-3D666A8FCDA7}.Release|Any CPU.ActiveCfg = Release|Any CPU
		{A78943AB-7EC5-45B0-BAA3-3D666A8FCDA7}.Release|Any CPU.Build.0 = Release|Any CPU
		{A78943AB-7EC5-45B0-BAA3-3D666A8FCDA7}.Release|ARM.ActiveCfg = Release|Any CPU
		{A78943AB-7EC5-45B0-BAA3-3D666A8FCDA7}.Release|ARM.Build.0 = Release|Any CPU
		{A78943AB-7EC5-45B0-BAA3-3D666A8FCDA7}.Release|x64.ActiveCfg = Release|Any CPU
		{A78943AB-7EC5-45B0-BAA3-3D666A8FCDA7}.Release|x64.Build.0 = Release|Any CPU
		{A78943AB-7EC5-45B0-BAA3-3D666A8FCDA7}.Release|x86.ActiveCfg = Release|Any CPU
		{A78943AB-7EC5-45B0-BAA3-3D666A8FCDA7}.Release|x86.Build.0 = Release|Any CPU
		{B6C08F80-5E24-44EF-926B-8217F455A401}.Debug|Any CPU.ActiveCfg = Debug|Any CPU
		{B6C08F80-5E24-44EF-926B-8217F455A401}.Debug|Any CPU.Build.0 = Debug|Any CPU
		{B6C08F80-5E24-44EF-926B-8217F455A401}.Debug|ARM.ActiveCfg = Debug|Any CPU
		{B6C08F80-5E24-44EF-926B-8217F455A401}.Debug|ARM.Build.0 = Debug|Any CPU
		{B6C08F80-5E24-44EF-926B-8217F455A401}.Debug|x64.ActiveCfg = Debug|Any CPU
		{B6C08F80-5E24-44EF-926B-8217F455A401}.Debug|x64.Build.0 = Debug|Any CPU
		{B6C08F80-5E24-44EF-926B-8217F455A401}.Debug|x86.ActiveCfg = Debug|Any CPU
		{B6C08F80-5E24-44EF-926B-8217F455A401}.Debug|x86.Build.0 = Debug|Any CPU
		{B6C08F80-5E24-44EF-926B-8217F455A401}.Release|Any CPU.ActiveCfg = Release|Any CPU
		{B6C08F80-5E24-44EF-926B-8217F455A401}.Release|Any CPU.Build.0 = Release|Any CPU
		{B6C08F80-5E24-44EF-926B-8217F455A401}.Release|ARM.ActiveCfg = Release|Any CPU
		{B6C08F80-5E24-44EF-926B-8217F455A401}.Release|ARM.Build.0 = Release|Any CPU
		{B6C08F80-5E24-44EF-926B-8217F455A401}.Release|x64.ActiveCfg = Release|Any CPU
		{B6C08F80-5E24-44EF-926B-8217F455A401}.Release|x64.Build.0 = Release|Any CPU
		{B6C08F80-5E24-44EF-926B-8217F455A401}.Release|x86.ActiveCfg = Release|Any CPU
		{B6C08F80-5E24-44EF-926B-8217F455A401}.Release|x86.Build.0 = Release|Any CPU
		{12D25615-D712-407B-AFAC-A47B5048601F}.Debug|Any CPU.ActiveCfg = Debug|Any CPU
		{12D25615-D712-407B-AFAC-A47B5048601F}.Debug|Any CPU.Build.0 = Debug|Any CPU
		{12D25615-D712-407B-AFAC-A47B5048601F}.Debug|ARM.ActiveCfg = Debug|Any CPU
		{12D25615-D712-407B-AFAC-A47B5048601F}.Debug|ARM.Build.0 = Debug|Any CPU
		{12D25615-D712-407B-AFAC-A47B5048601F}.Debug|x64.ActiveCfg = Debug|Any CPU
		{12D25615-D712-407B-AFAC-A47B5048601F}.Debug|x64.Build.0 = Debug|Any CPU
		{12D25615-D712-407B-AFAC-A47B5048601F}.Debug|x86.ActiveCfg = Debug|Any CPU
		{12D25615-D712-407B-AFAC-A47B5048601F}.Debug|x86.Build.0 = Debug|Any CPU
		{12D25615-D712-407B-AFAC-A47B5048601F}.Release|Any CPU.ActiveCfg = Release|Any CPU
		{12D25615-D712-407B-AFAC-A47B5048601F}.Release|Any CPU.Build.0 = Release|Any CPU
		{12D25615-D712-407B-AFAC-A47B5048601F}.Release|ARM.ActiveCfg = Release|Any CPU
		{12D25615-D712-407B-AFAC-A47B5048601F}.Release|ARM.Build.0 = Release|Any CPU
		{12D25615-D712-407B-AFAC-A47B5048601F}.Release|x64.ActiveCfg = Release|Any CPU
		{12D25615-D712-407B-AFAC-A47B5048601F}.Release|x64.Build.0 = Release|Any CPU
		{12D25615-D712-407B-AFAC-A47B5048601F}.Release|x86.ActiveCfg = Release|Any CPU
		{12D25615-D712-407B-AFAC-A47B5048601F}.Release|x86.Build.0 = Release|Any CPU
		{94E1589A-5009-4A75-8ACD-105F9CB0E55D}.Debug|Any CPU.ActiveCfg = Debug|Any CPU
		{94E1589A-5009-4A75-8ACD-105F9CB0E55D}.Debug|Any CPU.Build.0 = Debug|Any CPU
		{94E1589A-5009-4A75-8ACD-105F9CB0E55D}.Debug|ARM.ActiveCfg = Debug|Any CPU
		{94E1589A-5009-4A75-8ACD-105F9CB0E55D}.Debug|ARM.Build.0 = Debug|Any CPU
		{94E1589A-5009-4A75-8ACD-105F9CB0E55D}.Debug|x64.ActiveCfg = Debug|Any CPU
		{94E1589A-5009-4A75-8ACD-105F9CB0E55D}.Debug|x64.Build.0 = Debug|Any CPU
		{94E1589A-5009-4A75-8ACD-105F9CB0E55D}.Debug|x86.ActiveCfg = Debug|Any CPU
		{94E1589A-5009-4A75-8ACD-105F9CB0E55D}.Debug|x86.Build.0 = Debug|Any CPU
		{94E1589A-5009-4A75-8ACD-105F9CB0E55D}.Release|Any CPU.ActiveCfg = Release|Any CPU
		{94E1589A-5009-4A75-8ACD-105F9CB0E55D}.Release|Any CPU.Build.0 = Release|Any CPU
		{94E1589A-5009-4A75-8ACD-105F9CB0E55D}.Release|ARM.ActiveCfg = Release|Any CPU
		{94E1589A-5009-4A75-8ACD-105F9CB0E55D}.Release|ARM.Build.0 = Release|Any CPU
		{94E1589A-5009-4A75-8ACD-105F9CB0E55D}.Release|x64.ActiveCfg = Release|Any CPU
		{94E1589A-5009-4A75-8ACD-105F9CB0E55D}.Release|x64.Build.0 = Release|Any CPU
		{94E1589A-5009-4A75-8ACD-105F9CB0E55D}.Release|x86.ActiveCfg = Release|Any CPU
		{94E1589A-5009-4A75-8ACD-105F9CB0E55D}.Release|x86.Build.0 = Release|Any CPU
		{86DE9C11-5555-4DFD-8F3D-805AB2895855}.Debug|Any CPU.ActiveCfg = Debug|Any CPU
		{86DE9C11-5555-4DFD-8F3D-805AB2895855}.Debug|Any CPU.Build.0 = Debug|Any CPU
		{86DE9C11-5555-4DFD-8F3D-805AB2895855}.Debug|ARM.ActiveCfg = Debug|Any CPU
		{86DE9C11-5555-4DFD-8F3D-805AB2895855}.Debug|ARM.Build.0 = Debug|Any CPU
		{86DE9C11-5555-4DFD-8F3D-805AB2895855}.Debug|x64.ActiveCfg = Debug|Any CPU
		{86DE9C11-5555-4DFD-8F3D-805AB2895855}.Debug|x64.Build.0 = Debug|Any CPU
		{86DE9C11-5555-4DFD-8F3D-805AB2895855}.Debug|x86.ActiveCfg = Debug|Any CPU
		{86DE9C11-5555-4DFD-8F3D-805AB2895855}.Debug|x86.Build.0 = Debug|Any CPU
		{86DE9C11-5555-4DFD-8F3D-805AB2895855}.Release|Any CPU.ActiveCfg = Release|Any CPU
		{86DE9C11-5555-4DFD-8F3D-805AB2895855}.Release|Any CPU.Build.0 = Release|Any CPU
		{86DE9C11-5555-4DFD-8F3D-805AB2895855}.Release|ARM.ActiveCfg = Release|Any CPU
		{86DE9C11-5555-4DFD-8F3D-805AB2895855}.Release|ARM.Build.0 = Release|Any CPU
		{86DE9C11-5555-4DFD-8F3D-805AB2895855}.Release|x64.ActiveCfg = Release|Any CPU
		{86DE9C11-5555-4DFD-8F3D-805AB2895855}.Release|x64.Build.0 = Release|Any CPU
		{86DE9C11-5555-4DFD-8F3D-805AB2895855}.Release|x86.ActiveCfg = Release|Any CPU
		{86DE9C11-5555-4DFD-8F3D-805AB2895855}.Release|x86.Build.0 = Release|Any CPU
		{E5C50956-E7A8-453D-9612-82C4FB79CF12}.Debug|Any CPU.ActiveCfg = Debug|Any CPU
		{E5C50956-E7A8-453D-9612-82C4FB79CF12}.Debug|Any CPU.Build.0 = Debug|Any CPU
		{E5C50956-E7A8-453D-9612-82C4FB79CF12}.Debug|ARM.ActiveCfg = Debug|Any CPU
		{E5C50956-E7A8-453D-9612-82C4FB79CF12}.Debug|ARM.Build.0 = Debug|Any CPU
		{E5C50956-E7A8-453D-9612-82C4FB79CF12}.Debug|x64.ActiveCfg = Debug|Any CPU
		{E5C50956-E7A8-453D-9612-82C4FB79CF12}.Debug|x64.Build.0 = Debug|Any CPU
		{E5C50956-E7A8-453D-9612-82C4FB79CF12}.Debug|x86.ActiveCfg = Debug|Any CPU
		{E5C50956-E7A8-453D-9612-82C4FB79CF12}.Debug|x86.Build.0 = Debug|Any CPU
		{E5C50956-E7A8-453D-9612-82C4FB79CF12}.Release|Any CPU.ActiveCfg = Release|Any CPU
		{E5C50956-E7A8-453D-9612-82C4FB79CF12}.Release|Any CPU.Build.0 = Release|Any CPU
		{E5C50956-E7A8-453D-9612-82C4FB79CF12}.Release|ARM.ActiveCfg = Release|Any CPU
		{E5C50956-E7A8-453D-9612-82C4FB79CF12}.Release|ARM.Build.0 = Release|Any CPU
		{E5C50956-E7A8-453D-9612-82C4FB79CF12}.Release|x64.ActiveCfg = Release|Any CPU
		{E5C50956-E7A8-453D-9612-82C4FB79CF12}.Release|x64.Build.0 = Release|Any CPU
		{E5C50956-E7A8-453D-9612-82C4FB79CF12}.Release|x86.ActiveCfg = Release|Any CPU
		{E5C50956-E7A8-453D-9612-82C4FB79CF12}.Release|x86.Build.0 = Release|Any CPU
		{0ADBFEA8-A6A9-4E5C-BBF7-C932A4798E89}.Debug|Any CPU.ActiveCfg = Debug|Any CPU
		{0ADBFEA8-A6A9-4E5C-BBF7-C932A4798E89}.Debug|Any CPU.Build.0 = Debug|Any CPU
		{0ADBFEA8-A6A9-4E5C-BBF7-C932A4798E89}.Debug|ARM.ActiveCfg = Debug|Any CPU
		{0ADBFEA8-A6A9-4E5C-BBF7-C932A4798E89}.Debug|ARM.Build.0 = Debug|Any CPU
		{0ADBFEA8-A6A9-4E5C-BBF7-C932A4798E89}.Debug|x64.ActiveCfg = Debug|Any CPU
		{0ADBFEA8-A6A9-4E5C-BBF7-C932A4798E89}.Debug|x64.Build.0 = Debug|Any CPU
		{0ADBFEA8-A6A9-4E5C-BBF7-C932A4798E89}.Debug|x86.ActiveCfg = Debug|Any CPU
		{0ADBFEA8-A6A9-4E5C-BBF7-C932A4798E89}.Debug|x86.Build.0 = Debug|Any CPU
		{0ADBFEA8-A6A9-4E5C-BBF7-C932A4798E89}.Release|Any CPU.ActiveCfg = Release|Any CPU
		{0ADBFEA8-A6A9-4E5C-BBF7-C932A4798E89}.Release|Any CPU.Build.0 = Release|Any CPU
		{0ADBFEA8-A6A9-4E5C-BBF7-C932A4798E89}.Release|ARM.ActiveCfg = Release|Any CPU
		{0ADBFEA8-A6A9-4E5C-BBF7-C932A4798E89}.Release|ARM.Build.0 = Release|Any CPU
		{0ADBFEA8-A6A9-4E5C-BBF7-C932A4798E89}.Release|x64.ActiveCfg = Release|Any CPU
		{0ADBFEA8-A6A9-4E5C-BBF7-C932A4798E89}.Release|x64.Build.0 = Release|Any CPU
		{0ADBFEA8-A6A9-4E5C-BBF7-C932A4798E89}.Release|x86.ActiveCfg = Release|Any CPU
		{0ADBFEA8-A6A9-4E5C-BBF7-C932A4798E89}.Release|x86.Build.0 = Release|Any CPU
		{FC5108D4-3F5D-4374-B2B9-371E9ABDD18C}.Debug|Any CPU.ActiveCfg = Debug|Any CPU
		{FC5108D4-3F5D-4374-B2B9-371E9ABDD18C}.Debug|Any CPU.Build.0 = Debug|Any CPU
		{FC5108D4-3F5D-4374-B2B9-371E9ABDD18C}.Debug|ARM.ActiveCfg = Debug|Any CPU
		{FC5108D4-3F5D-4374-B2B9-371E9ABDD18C}.Debug|ARM.Build.0 = Debug|Any CPU
		{FC5108D4-3F5D-4374-B2B9-371E9ABDD18C}.Debug|x64.ActiveCfg = Debug|Any CPU
		{FC5108D4-3F5D-4374-B2B9-371E9ABDD18C}.Debug|x64.Build.0 = Debug|Any CPU
		{FC5108D4-3F5D-4374-B2B9-371E9ABDD18C}.Debug|x86.ActiveCfg = Debug|Any CPU
		{FC5108D4-3F5D-4374-B2B9-371E9ABDD18C}.Debug|x86.Build.0 = Debug|Any CPU
		{FC5108D4-3F5D-4374-B2B9-371E9ABDD18C}.Release|Any CPU.ActiveCfg = Release|Any CPU
		{FC5108D4-3F5D-4374-B2B9-371E9ABDD18C}.Release|Any CPU.Build.0 = Release|Any CPU
		{FC5108D4-3F5D-4374-B2B9-371E9ABDD18C}.Release|ARM.ActiveCfg = Release|Any CPU
		{FC5108D4-3F5D-4374-B2B9-371E9ABDD18C}.Release|ARM.Build.0 = Release|Any CPU
		{FC5108D4-3F5D-4374-B2B9-371E9ABDD18C}.Release|x64.ActiveCfg = Release|Any CPU
		{FC5108D4-3F5D-4374-B2B9-371E9ABDD18C}.Release|x64.Build.0 = Release|Any CPU
		{FC5108D4-3F5D-4374-B2B9-371E9ABDD18C}.Release|x86.ActiveCfg = Release|Any CPU
		{FC5108D4-3F5D-4374-B2B9-371E9ABDD18C}.Release|x86.Build.0 = Release|Any CPU
		{046A5736-42AD-45FC-A241-A4F1A4E92CF7}.Debug|Any CPU.ActiveCfg = Debug|Any CPU
		{046A5736-42AD-45FC-A241-A4F1A4E92CF7}.Debug|Any CPU.Build.0 = Debug|Any CPU
		{046A5736-42AD-45FC-A241-A4F1A4E92CF7}.Debug|ARM.ActiveCfg = Debug|Any CPU
		{046A5736-42AD-45FC-A241-A4F1A4E92CF7}.Debug|ARM.Build.0 = Debug|Any CPU
		{046A5736-42AD-45FC-A241-A4F1A4E92CF7}.Debug|x64.ActiveCfg = Debug|Any CPU
		{046A5736-42AD-45FC-A241-A4F1A4E92CF7}.Debug|x64.Build.0 = Debug|Any CPU
		{046A5736-42AD-45FC-A241-A4F1A4E92CF7}.Debug|x86.ActiveCfg = Debug|Any CPU
		{046A5736-42AD-45FC-A241-A4F1A4E92CF7}.Debug|x86.Build.0 = Debug|Any CPU
		{046A5736-42AD-45FC-A241-A4F1A4E92CF7}.Release|Any CPU.ActiveCfg = Release|Any CPU
		{046A5736-42AD-45FC-A241-A4F1A4E92CF7}.Release|Any CPU.Build.0 = Release|Any CPU
		{046A5736-42AD-45FC-A241-A4F1A4E92CF7}.Release|ARM.ActiveCfg = Release|Any CPU
		{046A5736-42AD-45FC-A241-A4F1A4E92CF7}.Release|ARM.Build.0 = Release|Any CPU
		{046A5736-42AD-45FC-A241-A4F1A4E92CF7}.Release|x64.ActiveCfg = Release|Any CPU
		{046A5736-42AD-45FC-A241-A4F1A4E92CF7}.Release|x64.Build.0 = Release|Any CPU
		{046A5736-42AD-45FC-A241-A4F1A4E92CF7}.Release|x86.ActiveCfg = Release|Any CPU
		{046A5736-42AD-45FC-A241-A4F1A4E92CF7}.Release|x86.Build.0 = Release|Any CPU
	EndGlobalSection
	GlobalSection(SolutionProperties) = preSolution
		HideSolutionNode = FALSE
	EndGlobalSection
	GlobalSection(ExtensibilityGlobals) = postSolution
		SolutionGuid = {30E439A2-A502-4900-A5E4-C3315ECF727C}
	EndGlobalSection
EndGlobal
